
Microsoft Visual Studio Solution File, Format Version 12.00
# Visual Studio Version 16
VisualStudioVersion = 16.0.29613.14
MinimumVisualStudioVersion = 10.0.40219.1
Project("{FAE04EC0-301F-11D3-BF4B-00C04F79EFBC}") = "ERP.Inventory", "ERP.Inventory\ERP.Inventory.csproj", "{235AA9FD-0A5B-431A-853B-500C32C0DCFC}"
EndProject
Global
	GlobalSection(SolutionConfigurationPlatforms) = preSolution
		Debug|Any CPU = Debug|Any CPU
		Release|Any CPU = Release|Any CPU
	EndGlobalSection
	GlobalSection(ProjectConfigurationPlatforms) = postSolution
		{235AA9FD-0A5B-431A-853B-500C32C0DCFC}.Debug|Any CPU.ActiveCfg = Debug|Any CPU
		{235AA9FD-0A5B-431A-853B-500C32C0DCFC}.Debug|Any CPU.Build.0 = Debug|Any CPU
		{235AA9FD-0A5B-431A-853B-500C32C0DCFC}.Release|Any CPU.ActiveCfg = Release|Any CPU
		{235AA9FD-0A5B-431A-853B-500C32C0DCFC}.Release|Any CPU.Build.0 = Release|Any CPU
	EndGlobalSection
	GlobalSection(SolutionProperties) = preSolution
		HideSolutionNode = FALSE
	EndGlobalSection
	GlobalSection(ExtensibilityGlobals) = postSolution
		SolutionGuid = {A9B08E10-43C8-448E-A93A-84A34BD1DF1B}
	EndGlobalSection
EndGlobal
